
Microsoft Visual Studio Solution File, Format Version 12.00
# Visual Studio Version 17
VisualStudioVersion = 17.1.32407.343
MinimumVisualStudioVersion = 10.0.40219.1
Project("{9A19103F-16F7-4668-BE54-9A1E7A4F7556}") = "Launcher", "Launcher\Launcher.csproj", "{8EB5612C-BFFA-43EF-AAC6-68AB01DA30CA}"
EndProject
Project("{C7167F0D-BC9F-4E6E-AFE1-012C56B48DB5}") = "Launcher-Appx", "Launcher-Appx\Launcher-Appx.wapproj", "{B2533EA5-9DD5-41BB-BF00-A1D0FDBA58B7}"
EndProject
Project("{2150E333-8FDC-42A3-9474-1A3956D46DE8}") = "Solution Items", "Solution Items", "{86D47DB8-0919-4929-9841-EC9B8FCB282F}"
	ProjectSection(SolutionItems) = preProject
		.editorconfig = .editorconfig
		.gitignore = .gitignore
		default.nix = default.nix
	EndProjectSection
EndProject
Global
	GlobalSection(SolutionConfigurationPlatforms) = preSolution
		Debug|ARM64 = Debug|ARM64
		Debug|x64 = Debug|x64
		Release|ARM64 = Release|ARM64
		Release|x64 = Release|x64
	EndGlobalSection
	GlobalSection(ProjectConfigurationPlatforms) = postSolution
		{8EB5612C-BFFA-43EF-AAC6-68AB01DA30CA}.Debug|ARM64.ActiveCfg = Debug|Any CPU
		{8EB5612C-BFFA-43EF-AAC6-68AB01DA30CA}.Debug|ARM64.Build.0 = Debug|Any CPU
		{8EB5612C-BFFA-43EF-AAC6-68AB01DA30CA}.Debug|x64.ActiveCfg = Debug|Any CPU
		{8EB5612C-BFFA-43EF-AAC6-68AB01DA30CA}.Debug|x64.Build.0 = Debug|Any CPU
		{8EB5612C-BFFA-43EF-AAC6-68AB01DA30CA}.Release|ARM64.ActiveCfg = Release|Any CPU
		{8EB5612C-BFFA-43EF-AAC6-68AB01DA30CA}.Release|ARM64.Build.0 = Release|Any CPU
		{8EB5612C-BFFA-43EF-AAC6-68AB01DA30CA}.Release|x64.ActiveCfg = Release|Any CPU
		{8EB5612C-BFFA-43EF-AAC6-68AB01DA30CA}.Release|x64.Build.0 = Release|Any CPU
		{B2533EA5-9DD5-41BB-BF00-A1D0FDBA58B7}.Debug|ARM64.ActiveCfg = Release|ARM64
		{B2533EA5-9DD5-41BB-BF00-A1D0FDBA58B7}.Debug|ARM64.Build.0 = Release|ARM64
		{B2533EA5-9DD5-41BB-BF00-A1D0FDBA58B7}.Debug|ARM64.Deploy.0 = Release|ARM64
		{B2533EA5-9DD5-41BB-BF00-A1D0FDBA58B7}.Debug|x64.ActiveCfg = Release|x64
		{B2533EA5-9DD5-41BB-BF00-A1D0FDBA58B7}.Debug|x64.Build.0 = Release|x64
		{B2533EA5-9DD5-41BB-BF00-A1D0FDBA58B7}.Debug|x64.Deploy.0 = Release|x64
		{B2533EA5-9DD5-41BB-BF00-A1D0FDBA58B7}.Release|ARM64.ActiveCfg = Release|ARM64
		{B2533EA5-9DD5-41BB-BF00-A1D0FDBA58B7}.Release|ARM64.Build.0 = Release|ARM64
		{B2533EA5-9DD5-41BB-BF00-A1D0FDBA58B7}.Release|ARM64.Deploy.0 = Release|ARM64
		{B2533EA5-9DD5-41BB-BF00-A1D0FDBA58B7}.Release|x64.ActiveCfg = Release|x64
		{B2533EA5-9DD5-41BB-BF00-A1D0FDBA58B7}.Release|x64.Build.0 = Release|x64
		{B2533EA5-9DD5-41BB-BF00-A1D0FDBA58B7}.Release|x64.Deploy.0 = Release|x64
	EndGlobalSection
	GlobalSection(SolutionProperties) = preSolution
		HideSolutionNode = FALSE
	EndGlobalSection
	GlobalSection(ExtensibilityGlobals) = postSolution
		SolutionGuid = {6515FF51-7BEF-41B2-A3ED-1D5025A3BFA4}
	EndGlobalSection
EndGlobal
