
Microsoft Visual Studio Solution File, Format Version 12.00
# Visual Studio Version 17
VisualStudioVersion = 17.1.32407.343
MinimumVisualStudioVersion = 10.0.40219.1
Project("{9A19103F-16F7-4668-BE54-9A1E7A4F7556}") = "WslApiAdapter", "WslApiAdapter\WslApiAdapter.csproj", "{7738130F-DB7F-4AE7-B086-DA8ABCBD5BB2}"
EndProject
Project("{9A19103F-16F7-4668-BE54-9A1E7A4F7556}") = "Launcher", "Launcher\Launcher.csproj", "{8EB5612C-BFFA-43EF-AAC6-68AB01DA30CA}"
EndProject
Project("{C7167F0D-BC9F-4E6E-AFE1-012C56B48DB5}") = "Launcher-Appx", "Launcher-Appx\Launcher-Appx.wapproj", "{B2533EA5-9DD5-41BB-BF00-A1D0FDBA58B7}"
EndProject
Global
	GlobalSection(SolutionConfigurationPlatforms) = preSolution
		Debug|ARM64 = Debug|ARM64
		Debug|x64 = Debug|x64
		Release|ARM64 = Release|ARM64
		Release|x64 = Release|x64
	EndGlobalSection
	GlobalSection(ProjectConfigurationPlatforms) = postSolution
		{7738130F-DB7F-4AE7-B086-DA8ABCBD5BB2}.Debug|Any CPU.ActiveCfg = Debug|Any CPU
		{7738130F-DB7F-4AE7-B086-DA8ABCBD5BB2}.Debug|Any CPU.Build.0 = Debug|Any CPU
		{7738130F-DB7F-4AE7-B086-DA8ABCBD5BB2}.Debug|ARM.ActiveCfg = Debug|Any CPU
		{7738130F-DB7F-4AE7-B086-DA8ABCBD5BB2}.Debug|ARM.Build.0 = Debug|Any CPU
		{7738130F-DB7F-4AE7-B086-DA8ABCBD5BB2}.Debug|ARM64.ActiveCfg = Debug|Any CPU
		{7738130F-DB7F-4AE7-B086-DA8ABCBD5BB2}.Debug|ARM64.Build.0 = Debug|Any CPU
		{7738130F-DB7F-4AE7-B086-DA8ABCBD5BB2}.Debug|x64.ActiveCfg = Debug|Any CPU
		{7738130F-DB7F-4AE7-B086-DA8ABCBD5BB2}.Debug|x64.Build.0 = Debug|Any CPU
		{7738130F-DB7F-4AE7-B086-DA8ABCBD5BB2}.Debug|x86.ActiveCfg = Debug|Any CPU
		{7738130F-DB7F-4AE7-B086-DA8ABCBD5BB2}.Debug|x86.Build.0 = Debug|Any CPU
		{7738130F-DB7F-4AE7-B086-DA8ABCBD5BB2}.Release|Any CPU.ActiveCfg = Release|Any CPU
		{7738130F-DB7F-4AE7-B086-DA8ABCBD5BB2}.Release|Any CPU.Build.0 = Release|Any CPU
		{7738130F-DB7F-4AE7-B086-DA8ABCBD5BB2}.Release|ARM.ActiveCfg = Release|Any CPU
		{7738130F-DB7F-4AE7-B086-DA8ABCBD5BB2}.Release|ARM.Build.0 = Release|Any CPU
		{7738130F-DB7F-4AE7-B086-DA8ABCBD5BB2}.Release|ARM64.ActiveCfg = Release|Any CPU
		{7738130F-DB7F-4AE7-B086-DA8ABCBD5BB2}.Release|ARM64.Build.0 = Release|Any CPU
		{7738130F-DB7F-4AE7-B086-DA8ABCBD5BB2}.Release|x64.ActiveCfg = Release|Any CPU
		{7738130F-DB7F-4AE7-B086-DA8ABCBD5BB2}.Release|x64.Build.0 = Release|Any CPU
		{7738130F-DB7F-4AE7-B086-DA8ABCBD5BB2}.Release|x86.ActiveCfg = Release|Any CPU
		{7738130F-DB7F-4AE7-B086-DA8ABCBD5BB2}.Release|x86.Build.0 = Release|Any CPU
		{8EB5612C-BFFA-43EF-AAC6-68AB01DA30CA}.Debug|Any CPU.ActiveCfg = Debug|Any CPU
		{8EB5612C-BFFA-43EF-AAC6-68AB01DA30CA}.Debug|Any CPU.Build.0 = Debug|Any CPU
		{8EB5612C-BFFA-43EF-AAC6-68AB01DA30CA}.Debug|ARM.ActiveCfg = Debug|Any CPU
		{8EB5612C-BFFA-43EF-AAC6-68AB01DA30CA}.Debug|ARM.Build.0 = Debug|Any CPU
		{8EB5612C-BFFA-43EF-AAC6-68AB01DA30CA}.Debug|ARM64.ActiveCfg = Debug|Any CPU
		{8EB5612C-BFFA-43EF-AAC6-68AB01DA30CA}.Debug|ARM64.Build.0 = Debug|Any CPU
		{8EB5612C-BFFA-43EF-AAC6-68AB01DA30CA}.Debug|x64.ActiveCfg = Debug|Any CPU
		{8EB5612C-BFFA-43EF-AAC6-68AB01DA30CA}.Debug|x64.Build.0 = Debug|Any CPU
		{8EB5612C-BFFA-43EF-AAC6-68AB01DA30CA}.Debug|x86.ActiveCfg = Debug|Any CPU
		{8EB5612C-BFFA-43EF-AAC6-68AB01DA30CA}.Debug|x86.Build.0 = Debug|Any CPU
		{8EB5612C-BFFA-43EF-AAC6-68AB01DA30CA}.Release|Any CPU.ActiveCfg = Release|Any CPU
		{8EB5612C-BFFA-43EF-AAC6-68AB01DA30CA}.Release|Any CPU.Build.0 = Release|Any CPU
		{8EB5612C-BFFA-43EF-AAC6-68AB01DA30CA}.Release|ARM.ActiveCfg = Release|Any CPU
		{8EB5612C-BFFA-43EF-AAC6-68AB01DA30CA}.Release|ARM.Build.0 = Release|Any CPU
		{8EB5612C-BFFA-43EF-AAC6-68AB01DA30CA}.Release|ARM64.ActiveCfg = Release|Any CPU
		{8EB5612C-BFFA-43EF-AAC6-68AB01DA30CA}.Release|ARM64.Build.0 = Release|Any CPU
		{8EB5612C-BFFA-43EF-AAC6-68AB01DA30CA}.Release|x64.ActiveCfg = Release|Any CPU
		{8EB5612C-BFFA-43EF-AAC6-68AB01DA30CA}.Release|x64.Build.0 = Release|Any CPU
		{8EB5612C-BFFA-43EF-AAC6-68AB01DA30CA}.Release|x86.ActiveCfg = Release|Any CPU
		{8EB5612C-BFFA-43EF-AAC6-68AB01DA30CA}.Release|x86.Build.0 = Release|Any CPU
		{B2533EA5-9DD5-41BB-BF00-A1D0FDBA58B7}.Debug|Any CPU.ActiveCfg = Debug|Any CPU
		{B2533EA5-9DD5-41BB-BF00-A1D0FDBA58B7}.Debug|Any CPU.Build.0 = Debug|Any CPU
		{B2533EA5-9DD5-41BB-BF00-A1D0FDBA58B7}.Release|ARM64.ActiveCfg = Release|ARM64
		{B2533EA5-9DD5-41BB-BF00-A1D0FDBA58B7}.Release|ARM64.Build.0 = Release|ARM64
		{B2533EA5-9DD5-41BB-BF00-A1D0FDBA58B7}.Release|ARM64.Deploy.0 = Release|ARM64
		{B2533EA5-9DD5-41BB-BF00-A1D0FDBA58B7}.Release|x64.ActiveCfg = Release|x64
		{B2533EA5-9DD5-41BB-BF00-A1D0FDBA58B7}.Release|x64.Build.0 = Release|x64
		{B2533EA5-9DD5-41BB-BF00-A1D0FDBA58B7}.Release|x64.Deploy.0 = Release|x64
	EndGlobalSection
	GlobalSection(SolutionProperties) = preSolution
		HideSolutionNode = FALSE
	EndGlobalSection
	GlobalSection(ExtensibilityGlobals) = postSolution
		SolutionGuid = {6515FF51-7BEF-41B2-A3ED-1D5025A3BFA4}
	EndGlobalSection
EndGlobal
