
Microsoft Visual Studio Solution File, Format Version 12.00
# Visual Studio Version 17
VisualStudioVersion = 17.1.32407.343
MinimumVisualStudioVersion = 10.0.40219.1
Project("{FAE04EC0-301F-11D3-BF4B-00C04F79EFBC}") = "WslApiAdapter", "WslApiAdapter\WslApiAdapter.csproj", "{7738130F-DB7F-4AE7-B086-DA8ABCBD5BB2}"
EndProject
Project("{FAE04EC0-301F-11D3-BF4B-00C04F79EFBC}") = "Launcher", "Launcher\Launcher.csproj", "{8EB5612C-BFFA-43EF-AAC6-68AB01DA30CA}"
EndProject
Global
	GlobalSection(SolutionConfigurationPlatforms) = preSolution
		Debug|Any CPU = Debug|Any CPU
		Release|Any CPU = Release|Any CPU
	EndGlobalSection
	GlobalSection(ProjectConfigurationPlatforms) = postSolution
		{7738130F-DB7F-4AE7-B086-DA8ABCBD5BB2}.Debug|Any CPU.ActiveCfg = Debug|Any CPU
		{7738130F-DB7F-4AE7-B086-DA8ABCBD5BB2}.Debug|Any CPU.Build.0 = Debug|Any CPU
		{7738130F-DB7F-4AE7-B086-DA8ABCBD5BB2}.Release|Any CPU.ActiveCfg = Release|Any CPU
		{7738130F-DB7F-4AE7-B086-DA8ABCBD5BB2}.Release|Any CPU.Build.0 = Release|Any CPU
		{8EB5612C-BFFA-43EF-AAC6-68AB01DA30CA}.Debug|Any CPU.ActiveCfg = Debug|Any CPU
		{8EB5612C-BFFA-43EF-AAC6-68AB01DA30CA}.Debug|Any CPU.Build.0 = Debug|Any CPU
		{8EB5612C-BFFA-43EF-AAC6-68AB01DA30CA}.Release|Any CPU.ActiveCfg = Release|Any CPU
		{8EB5612C-BFFA-43EF-AAC6-68AB01DA30CA}.Release|Any CPU.Build.0 = Release|Any CPU
	EndGlobalSection
	GlobalSection(SolutionProperties) = preSolution
		HideSolutionNode = FALSE
	EndGlobalSection
	GlobalSection(ExtensibilityGlobals) = postSolution
		SolutionGuid = {6515FF51-7BEF-41B2-A3ED-1D5025A3BFA4}
	EndGlobalSection
EndGlobal
