{
  "version": 1,
  "dependencies": {
    "net6.0": {
      "Microsoft.Windows.CsWin32": {
        "type": "Direct",
        "requested": "[0.3.253, )",
        "resolved": "0.3.253",
        "contentHash": "o4hjfvPRI6EO7WjpJCEt2yPTKnPgjttG9Zvg8SLR0XbDljvjCYmk5icQGU3KTuYMq56ELQ8vHwgoQbW4wO6GCQ==",
        "dependencies": {
          "Microsoft.Windows.SDK.Win32Docs": "0.1.42-alpha",
          "Microsoft.Windows.SDK.Win32Metadata": "65.0.8-preview",
          "Microsoft.Windows.WDK.Win32Metadata": "0.13.25-experimental"
        }
      },
      "System.CommandLine": {
        "type": "Direct",
        "requested": "[2.0.0, )",
        "resolved": "2.0.0",
        "contentHash": "Bjklzc5NoxqAGFi7BcGlY2TWAdB06Bq3a5sfRr3ubMRU80Mf98eyq3Y2UgR6xRV0TLznZmfe5T7mUjOunRNcdA==",
        "dependencies": {
          "System.Memory": "4.5.5"
        }
      },
      "Microsoft.Windows.SDK.Win32Docs": {
        "type": "Transitive",
        "resolved": "0.1.42-alpha",
        "contentHash": "Z/9po23gUA9aoukirh2ItMU2ZS9++Js9Gdds9fu5yuMojDrmArvY2y+tq9985tR3cxFxpZO1O35Wjfo0khj5HA=="
      },
      "Microsoft.Windows.SDK.Win32Metadata": {
        "type": "Transitive",
        "resolved": "65.0.8-preview",
        "contentHash": "U9D/tsGezMDzPpSkQhZDrIwJqtAKSaACoZt2GKHH0q0Z1MOsZ2ZrZkpuYyqISr0EjOERDNYtGFwLxuoDdWRIeg=="
      },
      "Microsoft.Windows.WDK.Win32Metadata": {
        "type": "Transitive",
        "resolved": "0.13.25-experimental",
        "contentHash": "IM50tb/+UIwBr9FMr6ZKcZjCMW+Axo6NjGqKxgjUfyCY8dRnYUfrJEXxAaXoWtYP4X8EmASmC1Jtwh4XucseZg==",
        "dependencies": {
          "Microsoft.Windows.SDK.Win32Metadata": "63.0.31-preview"
        }
      },
      "System.Memory": {
        "type": "Transitive",
        "resolved": "4.5.5",
        "contentHash": "XIWiDvKPXaTveaB7HVganDlOCRoj03l+jrwNvcge/t8vhGYKvqV+dMv6G4SAX2NoNmN0wZfVPTAlFwZcZvVOUw=="
      }
    },
    "net6.0/win-arm64": {},
    "net6.0/win-x64": {}
  }
}